
Microsoft Visual Studio Solution File, Format Version 12.00
# Visual Studio Version 17
VisualStudioVersion = 17.0.31903.59
MinimumVisualStudioVersion = 10.0.40219.1
Project("{FAE04EC0-301F-11D3-BF4B-00C04F79EFBC}") = "Domain", "Domain\Domain.csproj", "{0CD9B52D-13AF-434B-88F4-E8621BF46B40}"
EndProject
Project("{FAE04EC0-301F-11D3-BF4B-00C04F79EFBC}") = "Infrastructure", "Infrastructure\Infrastructure.csproj", "{143DCBB8-2A7E-46B6-AACD-DCF84576E2A1}"
EndProject
Project("{FAE04EC0-301F-11D3-BF4B-00C04F79EFBC}") = "WebApp", "WebApp\WebApp.csproj", "{A2609429-A176-44D4-BDC4-7B6E1EB12A2D}"
EndProject
Global
	GlobalSection(SolutionConfigurationPlatforms) = preSolution
		Debug|Any CPU = Debug|Any CPU
		Release|Any CPU = Release|Any CPU
	EndGlobalSection
	GlobalSection(SolutionProperties) = preSolution
		HideSolutionNode = FALSE
	EndGlobalSection
	GlobalSection(ProjectConfigurationPlatforms) = postSolution
		{0CD9B52D-13AF-434B-88F4-E8621BF46B40}.Debug|Any CPU.ActiveCfg = Debug|Any CPU
		{0CD9B52D-13AF-434B-88F4-E8621BF46B40}.Debug|Any CPU.Build.0 = Debug|Any CPU
		{0CD9B52D-13AF-434B-88F4-E8621BF46B40}.Release|Any CPU.ActiveCfg = Release|Any CPU
		{0CD9B52D-13AF-434B-88F4-E8621BF46B40}.Release|Any CPU.Build.0 = Release|Any CPU
		{143DCBB8-2A7E-46B6-AACD-DCF84576E2A1}.Debug|Any CPU.ActiveCfg = Debug|Any CPU
		{143DCBB8-2A7E-46B6-AACD-DCF84576E2A1}.Debug|Any CPU.Build.0 = Debug|Any CPU
		{143DCBB8-2A7E-46B6-AACD-DCF84576E2A1}.Release|Any CPU.ActiveCfg = Release|Any CPU
		{143DCBB8-2A7E-46B6-AACD-DCF84576E2A1}.Release|Any CPU.Build.0 = Release|Any CPU
		{A2609429-A176-44D4-BDC4-7B6E1EB12A2D}.Debug|Any CPU.ActiveCfg = Debug|Any CPU
		{A2609429-A176-44D4-BDC4-7B6E1EB12A2D}.Debug|Any CPU.Build.0 = Debug|Any CPU
		{A2609429-A176-44D4-BDC4-7B6E1EB12A2D}.Release|Any CPU.ActiveCfg = Release|Any CPU
		{A2609429-A176-44D4-BDC4-7B6E1EB12A2D}.Release|Any CPU.Build.0 = Release|Any CPU
	EndGlobalSection
EndGlobal
